
Microsoft Visual Studio Solution File, Format Version 12.00
# Visual Studio Version 16
VisualStudioVersion = 16.0.32630.194
MinimumVisualStudioVersion = 10.0.40219.1
Project("{FAE04EC0-301F-11D3-BF4B-00C04F79EFBC}") = "Parcial", "Parcial\Parcial.csproj", "{ACBACD08-4BD9-410D-9394-D4944B369C61}"
EndProject
Global
	GlobalSection(SolutionConfigurationPlatforms) = preSolution
		Debug|Any CPU = Debug|Any CPU
		Release|Any CPU = Release|Any CPU
	EndGlobalSection
	GlobalSection(ProjectConfigurationPlatforms) = postSolution
		{ACBACD08-4BD9-410D-9394-D4944B369C61}.Debug|Any CPU.ActiveCfg = Debug|Any CPU
		{ACBACD08-4BD9-410D-9394-D4944B369C61}.Debug|Any CPU.Build.0 = Debug|Any CPU
		{ACBACD08-4BD9-410D-9394-D4944B369C61}.Release|Any CPU.ActiveCfg = Release|Any CPU
		{ACBACD08-4BD9-410D-9394-D4944B369C61}.Release|Any CPU.Build.0 = Release|Any CPU
	EndGlobalSection
	GlobalSection(SolutionProperties) = preSolution
		HideSolutionNode = FALSE
	EndGlobalSection
	GlobalSection(ExtensibilityGlobals) = postSolution
		SolutionGuid = {F35F84DE-9FFB-4005-BBC6-E592E6DF9D3E}
	EndGlobalSection
EndGlobal
